// !$*UTF8*$!
{
	archiveVersion = 1;
	classes = {
	};
	objectVersion = 55;
	objects = {

/* Begin PBXBuildFile section */
		E34ED70B2945A30A00C07AEA /* HomeView.swift in Sources */ = {isa = PBXBuildFile; fileRef = E34ED70A2945A30A00C07AEA /* HomeView.swift */; };
		E34ED70F2946078A00C07AEA /* CircleButtonView.swift in Sources */ = {isa = PBXBuildFile; fileRef = E34ED70E2946078A00C07AEA /* CircleButtonView.swift */; };
		E36862C829472C8F00DF4A59 /* CircleButtonAnimationView.swift in Sources */ = {isa = PBXBuildFile; fileRef = E36862C729472C8F00DF4A59 /* CircleButtonAnimationView.swift */; };
		E36862CB294B2D6200DF4A59 /* CoinModel.swift in Sources */ = {isa = PBXBuildFile; fileRef = E36862CA294B2D6100DF4A59 /* CoinModel.swift */; };
		E38F16BE2943242800C7DF9D /* CryptoFolioApp.swift in Sources */ = {isa = PBXBuildFile; fileRef = E38F16BD2943242800C7DF9D /* CryptoFolioApp.swift */; };
		E38F16C02943242800C7DF9D /* ContentView.swift in Sources */ = {isa = PBXBuildFile; fileRef = E38F16BF2943242800C7DF9D /* ContentView.swift */; };
		E38F16C22943242F00C7DF9D /* Assets.xcassets in Resources */ = {isa = PBXBuildFile; fileRef = E38F16C12943242F00C7DF9D /* Assets.xcassets */; };
		E38F16C52943242F00C7DF9D /* Preview Assets.xcassets in Resources */ = {isa = PBXBuildFile; fileRef = E38F16C42943242F00C7DF9D /* Preview Assets.xcassets */; };
		E38F16CD294495E500C7DF9D /* Color.swift in Sources */ = {isa = PBXBuildFile; fileRef = E38F16CC294495E400C7DF9D /* Color.swift */; };
/* End PBXBuildFile section */

/* Begin PBXFileReference section */
		E34ED70A2945A30A00C07AEA /* HomeView.swift */ = {isa = PBXFileReference; lastKnownFileType = sourcecode.swift; path = HomeView.swift; sourceTree = "<group>"; };
		E34ED70E2946078A00C07AEA /* CircleButtonView.swift */ = {isa = PBXFileReference; lastKnownFileType = sourcecode.swift; path = CircleButtonView.swift; sourceTree = "<group>"; };
		E36862C729472C8F00DF4A59 /* CircleButtonAnimationView.swift */ = {isa = PBXFileReference; lastKnownFileType = sourcecode.swift; path = CircleButtonAnimationView.swift; sourceTree = "<group>"; };
		E36862CA294B2D6100DF4A59 /* CoinModel.swift */ = {isa = PBXFileReference; lastKnownFileType = sourcecode.swift; path = CoinModel.swift; sourceTree = "<group>"; };
		E38F16BA2943242800C7DF9D /* CryptoFolio.app */ = {isa = PBXFileReference; explicitFileType = wrapper.application; includeInIndex = 0; path = CryptoFolio.app; sourceTree = BUILT_PRODUCTS_DIR; };
		E38F16BD2943242800C7DF9D /* CryptoFolioApp.swift */ = {isa = PBXFileReference; lastKnownFileType = sourcecode.swift; path = CryptoFolioApp.swift; sourceTree = "<group>"; };
		E38F16BF2943242800C7DF9D /* ContentView.swift */ = {isa = PBXFileReference; lastKnownFileType = sourcecode.swift; path = ContentView.swift; sourceTree = "<group>"; };
		E38F16C12943242F00C7DF9D /* Assets.xcassets */ = {isa = PBXFileReference; lastKnownFileType = folder.assetcatalog; path = Assets.xcassets; sourceTree = "<group>"; };
		E38F16C42943242F00C7DF9D /* Preview Assets.xcassets */ = {isa = PBXFileReference; lastKnownFileType = folder.assetcatalog; path = "Preview Assets.xcassets"; sourceTree = "<group>"; };
		E38F16CC294495E400C7DF9D /* Color.swift */ = {isa = PBXFileReference; lastKnownFileType = sourcecode.swift; path = Color.swift; sourceTree = "<group>"; };
/* End PBXFileReference section */

/* Begin PBXFrameworksBuildPhase section */
		E38F16B72943242800C7DF9D /* Frameworks */ = {
			isa = PBXFrameworksBuildPhase;
			buildActionMask = 2147483647;
			files = (
			);
			runOnlyForDeploymentPostprocessing = 0;
		};
/* End PBXFrameworksBuildPhase section */

/* Begin PBXGroup section */
		E34ED7072945A2E400C07AEA /* Home */ = {
			isa = PBXGroup;
			children = (
				E34ED7092945A2F500C07AEA /* Views */,
				E34ED7082945A2EA00C07AEA /* ViewModels */,
			);
			path = Home;
			sourceTree = "<group>";
		};
		E34ED7082945A2EA00C07AEA /* ViewModels */ = {
			isa = PBXGroup;
			children = (
			);
			path = ViewModels;
			sourceTree = "<group>";
		};
		E34ED7092945A2F500C07AEA /* Views */ = {
			isa = PBXGroup;
			children = (
				E34ED70A2945A30A00C07AEA /* HomeView.swift */,
			);
			path = Views;
			sourceTree = "<group>";
		};
		E34ED70C2946048B00C07AEA /* Components */ = {
			isa = PBXGroup;
			children = (
				E34ED70D2946077000C07AEA /* CircleButton */,
			);
			path = Components;
			sourceTree = "<group>";
		};
		E34ED70D2946077000C07AEA /* CircleButton */ = {
			isa = PBXGroup;
			children = (
				E34ED70E2946078A00C07AEA /* CircleButtonView.swift */,
				E36862C729472C8F00DF4A59 /* CircleButtonAnimationView.swift */,
			);
			path = CircleButton;
			sourceTree = "<group>";
		};
		E36862C9294B2D4800DF4A59 /* Model */ = {
			isa = PBXGroup;
			children = (
				E36862CA294B2D6100DF4A59 /* CoinModel.swift */,
			);
			path = Model;
			sourceTree = "<group>";
		};
		E38F16B12943242800C7DF9D = {
			isa = PBXGroup;
			children = (
				E38F16BC2943242800C7DF9D /* CryptoFolio */,
				E38F16BB2943242800C7DF9D /* Products */,
			);
			sourceTree = "<group>";
		};
		E38F16BB2943242800C7DF9D /* Products */ = {
			isa = PBXGroup;
			children = (
				E38F16BA2943242800C7DF9D /* CryptoFolio.app */,
			);
			name = Products;
			sourceTree = "<group>";
		};
		E38F16BC2943242800C7DF9D /* CryptoFolio */ = {
			isa = PBXGroup;
			children = (
				E36862C9294B2D4800DF4A59 /* Model */,
				E38F16BD2943242800C7DF9D /* CryptoFolioApp.swift */,
				E38F16CE29459C1800C7DF9D /* Core */,
				E38F16CB294495BF00C7DF9D /* Extensions */,
				E38F16BF2943242800C7DF9D /* ContentView.swift */,
				E38F16C12943242F00C7DF9D /* Assets.xcassets */,
				E38F16C32943242F00C7DF9D /* Preview Content */,
			);
			path = CryptoFolio;
			sourceTree = "<group>";
		};
		E38F16C32943242F00C7DF9D /* Preview Content */ = {
			isa = PBXGroup;
			children = (
				E38F16C42943242F00C7DF9D /* Preview Assets.xcassets */,
			);
			path = "Preview Content";
			sourceTree = "<group>";
		};
		E38F16CB294495BF00C7DF9D /* Extensions */ = {
			isa = PBXGroup;
			children = (
				E38F16CC294495E400C7DF9D /* Color.swift */,
			);
			path = Extensions;
			sourceTree = "<group>";
		};
		E38F16CE29459C1800C7DF9D /* Core */ = {
			isa = PBXGroup;
			children = (
				E34ED70C2946048B00C07AEA /* Components */,
				E34ED7072945A2E400C07AEA /* Home */,
			);
			path = Core;
			sourceTree = "<group>";
		};
/* End PBXGroup section */

/* Begin PBXNativeTarget section */
		E38F16B92943242800C7DF9D /* CryptoFolio */ = {
			isa = PBXNativeTarget;
			buildConfigurationList = E38F16C82943242F00C7DF9D /* Build configuration list for PBXNativeTarget "CryptoFolio" */;
			buildPhases = (
				E38F16B62943242800C7DF9D /* Sources */,
				E38F16B72943242800C7DF9D /* Frameworks */,
				E38F16B82943242800C7DF9D /* Resources */,
			);
			buildRules = (
			);
			dependencies = (
			);
			name = CryptoFolio;
			productName = CryptoFolio;
			productReference = E38F16BA2943242800C7DF9D /* CryptoFolio.app */;
			productType = "com.apple.product-type.application";
		};
/* End PBXNativeTarget section */

/* Begin PBXProject section */
		E38F16B22943242800C7DF9D /* Project object */ = {
			isa = PBXProject;
			attributes = {
				BuildIndependentTargetsInParallel = 1;
				LastSwiftUpdateCheck = 1320;
				LastUpgradeCheck = 1320;
				TargetAttributes = {
					E38F16B92943242800C7DF9D = {
						CreatedOnToolsVersion = 13.2.1;
					};
				};
			};
			buildConfigurationList = E38F16B52943242800C7DF9D /* Build configuration list for PBXProject "CryptoFolio" */;
			compatibilityVersion = "Xcode 13.0";
			developmentRegion = en;
			hasScannedForEncodings = 0;
			knownRegions = (
				en,
				Base,
			);
			mainGroup = E38F16B12943242800C7DF9D;
			productRefGroup = E38F16BB2943242800C7DF9D /* Products */;
			projectDirPath = "";
			projectRoot = "";
			targets = (
				E38F16B92943242800C7DF9D /* CryptoFolio */,
			);
		};
/* End PBXProject section */

/* Begin PBXResourcesBuildPhase section */
		E38F16B82943242800C7DF9D /* Resources */ = {
			isa = PBXResourcesBuildPhase;
			buildActionMask = 2147483647;
			files = (
				E38F16C52943242F00C7DF9D /* Preview Assets.xcassets in Resources */,
				E38F16C22943242F00C7DF9D /* Assets.xcassets in Resources */,
			);
			runOnlyForDeploymentPostprocessing = 0;
		};
/* End PBXResourcesBuildPhase section */

/* Begin PBXSourcesBuildPhase section */
		E38F16B62943242800C7DF9D /* Sources */ = {
			isa = PBXSourcesBuildPhase;
			buildActionMask = 2147483647;
			files = (
				E38F16C02943242800C7DF9D /* ContentView.swift in Sources */,
				E34ED70B2945A30A00C07AEA /* HomeView.swift in Sources */,
				E38F16BE2943242800C7DF9D /* CryptoFolioApp.swift in Sources */,
				E34ED70F2946078A00C07AEA /* CircleButtonView.swift in Sources */,
				E38F16CD294495E500C7DF9D /* Color.swift in Sources */,
				E36862C829472C8F00DF4A59 /* CircleButtonAnimationView.swift in Sources */,
				E36862CB294B2D6200DF4A59 /* CoinModel.swift in Sources */,
			);
			runOnlyForDeploymentPostprocessing = 0;
		};
/* End PBXSourcesBuildPhase section */

/* Begin XCBuildConfiguration section */
		E38F16C62943242F00C7DF9D /* Debug */ = {
			isa = XCBuildConfiguration;
			buildSettings = {
				ALWAYS_SEARCH_USER_PATHS = NO;
				CLANG_ANALYZER_NONNULL = YES;
				CLANG_ANALYZER_NUMBER_OBJECT_CONVERSION = YES_AGGRESSIVE;
				CLANG_CXX_LANGUAGE_STANDARD = "gnu++17";
				CLANG_CXX_LIBRARY = "libc++";
				CLANG_ENABLE_MODULES = YES;
				CLANG_ENABLE_OBJC_ARC = YES;
				CLANG_ENABLE_OBJC_WEAK = YES;
				CLANG_WARN_BLOCK_CAPTURE_AUTORELEASING = YES;
				CLANG_WARN_BOOL_CONVERSION = YES;
				CLANG_WARN_COMMA = YES;
				CLANG_WARN_CONSTANT_CONVERSION = YES;
				CLANG_WARN_DEPRECATED_OBJC_IMPLEMENTATIONS = YES;
				CLANG_WARN_DIRECT_OBJC_ISA_USAGE = YES_ERROR;
				CLANG_WARN_DOCUMENTATION_COMMENTS = YES;
				CLANG_WARN_EMPTY_BODY = YES;
				CLANG_WARN_ENUM_CONVERSION = YES;
				CLANG_WARN_INFINITE_RECURSION = YES;
				CLANG_WARN_INT_CONVERSION = YES;
				CLANG_WARN_NON_LITERAL_NULL_CONVERSION = YES;
				CLANG_WARN_OBJC_IMPLICIT_RETAIN_SELF = YES;
				CLANG_WARN_OBJC_LITERAL_CONVERSION = YES;
				CLANG_WARN_OBJC_ROOT_CLASS = YES_ERROR;
				CLANG_WARN_QUOTED_INCLUDE_IN_FRAMEWORK_HEADER = YES;
				CLANG_WARN_RANGE_LOOP_ANALYSIS = YES;
				CLANG_WARN_STRICT_PROTOTYPES = YES;
				CLANG_WARN_SUSPICIOUS_MOVE = YES;
				CLANG_WARN_UNGUARDED_AVAILABILITY = YES_AGGRESSIVE;
				CLANG_WARN_UNREACHABLE_CODE = YES;
				CLANG_WARN__DUPLICATE_METHOD_MATCH = YES;
				COPY_PHASE_STRIP = NO;
				DEBUG_INFORMATION_FORMAT = dwarf;
				ENABLE_STRICT_OBJC_MSGSEND = YES;
				ENABLE_TESTABILITY = YES;
				GCC_C_LANGUAGE_STANDARD = gnu11;
				GCC_DYNAMIC_NO_PIC = NO;
				GCC_NO_COMMON_BLOCKS = YES;
				GCC_OPTIMIZATION_LEVEL = 0;
				GCC_PREPROCESSOR_DEFINITIONS = (
					"DEBUG=1",
					"$(inherited)",
				);
				GCC_WARN_64_TO_32_BIT_CONVERSION = YES;
				GCC_WARN_ABOUT_RETURN_TYPE = YES_ERROR;
				GCC_WARN_UNDECLARED_SELECTOR = YES;
				GCC_WARN_UNINITIALIZED_AUTOS = YES_AGGRESSIVE;
				GCC_WARN_UNUSED_FUNCTION = YES;
				GCC_WARN_UNUSED_VARIABLE = YES;
				IPHONEOS_DEPLOYMENT_TARGET = 15.2;
				MTL_ENABLE_DEBUG_INFO = INCLUDE_SOURCE;
				MTL_FAST_MATH = YES;
				ONLY_ACTIVE_ARCH = YES;
				SDKROOT = iphoneos;
				SWIFT_ACTIVE_COMPILATION_CONDITIONS = DEBUG;
				SWIFT_OPTIMIZATION_LEVEL = "-Onone";
			};
			name = Debug;
		};
		E38F16C72943242F00C7DF9D /* Release */ = {
			isa = XCBuildConfiguration;
			buildSettings = {
				ALWAYS_SEARCH_USER_PATHS = NO;
				CLANG_ANALYZER_NONNULL = YES;
				CLANG_ANALYZER_NUMBER_OBJECT_CONVERSION = YES_AGGRESSIVE;
				CLANG_CXX_LANGUAGE_STANDARD = "gnu++17";
				CLANG_CXX_LIBRARY = "libc++";
				CLANG_ENABLE_MODULES = YES;
				CLANG_ENABLE_OBJC_ARC = YES;
				CLANG_ENABLE_OBJC_WEAK = YES;
				CLANG_WARN_BLOCK_CAPTURE_AUTORELEASING = YES;
				CLANG_WARN_BOOL_CONVERSION = YES;
				CLANG_WARN_COMMA = YES;
				CLANG_WARN_CONSTANT_CONVERSION = YES;
				CLANG_WARN_DEPRECATED_OBJC_IMPLEMENTATIONS = YES;
				CLANG_WARN_DIRECT_OBJC_ISA_USAGE = YES_ERROR;
				CLANG_WARN_DOCUMENTATION_COMMENTS = YES;
				CLANG_WARN_EMPTY_BODY = YES;
				CLANG_WARN_ENUM_CONVERSION = YES;
				CLANG_WARN_INFINITE_RECURSION = YES;
				CLANG_WARN_INT_CONVERSION = YES;
				CLANG_WARN_NON_LITERAL_NULL_CONVERSION = YES;
				CLANG_WARN_OBJC_IMPLICIT_RETAIN_SELF = YES;
				CLANG_WARN_OBJC_LITERAL_CONVERSION = YES;
				CLANG_WARN_OBJC_ROOT_CLASS = YES_ERROR;
				CLANG_WARN_QUOTED_INCLUDE_IN_FRAMEWORK_HEADER = YES;
				CLANG_WARN_RANGE_LOOP_ANALYSIS = YES;
				CLANG_WARN_STRICT_PROTOTYPES = YES;
				CLANG_WARN_SUSPICIOUS_MOVE = YES;
				CLANG_WARN_UNGUARDED_AVAILABILITY = YES_AGGRESSIVE;
				CLANG_WARN_UNREACHABLE_CODE = YES;
				CLANG_WARN__DUPLICATE_METHOD_MATCH = YES;
				COPY_PHASE_STRIP = NO;
				DEBUG_INFORMATION_FORMAT = "dwarf-with-dsym";
				ENABLE_NS_ASSERTIONS = NO;
				ENABLE_STRICT_OBJC_MSGSEND = YES;
				GCC_C_LANGUAGE_STANDARD = gnu11;
				GCC_NO_COMMON_BLOCKS = YES;
				GCC_WARN_64_TO_32_BIT_CONVERSION = YES;
				GCC_WARN_ABOUT_RETURN_TYPE = YES_ERROR;
				GCC_WARN_UNDECLARED_SELECTOR = YES;
				GCC_WARN_UNINITIALIZED_AUTOS = YES_AGGRESSIVE;
				GCC_WARN_UNUSED_FUNCTION = YES;
				GCC_WARN_UNUSED_VARIABLE = YES;
				IPHONEOS_DEPLOYMENT_TARGET = 15.2;
				MTL_ENABLE_DEBUG_INFO = NO;
				MTL_FAST_MATH = YES;
				SDKROOT = iphoneos;
				SWIFT_COMPILATION_MODE = wholemodule;
				SWIFT_OPTIMIZATION_LEVEL = "-O";
				VALIDATE_PRODUCT = YES;
			};
			name = Release;
		};
		E38F16C92943242F00C7DF9D /* Debug */ = {
			isa = XCBuildConfiguration;
			buildSettings = {
				ASSETCATALOG_COMPILER_APPICON_NAME = AppIcon;
				ASSETCATALOG_COMPILER_GLOBAL_ACCENT_COLOR_NAME = AccentColor;
				CODE_SIGN_STYLE = Automatic;
				CURRENT_PROJECT_VERSION = 1;
				DEVELOPMENT_ASSET_PATHS = "\"CryptoFolio/Preview Content\"";
				DEVELOPMENT_TEAM = F898W4P72K;
				ENABLE_PREVIEWS = YES;
				GENERATE_INFOPLIST_FILE = YES;
				INFOPLIST_KEY_UIApplicationSceneManifest_Generation = YES;
				INFOPLIST_KEY_UIApplicationSupportsIndirectInputEvents = YES;
				INFOPLIST_KEY_UILaunchScreen_Generation = YES;
				INFOPLIST_KEY_UISupportedInterfaceOrientations_iPad = "UIInterfaceOrientationPortrait UIInterfaceOrientationPortraitUpsideDown UIInterfaceOrientationLandscapeLeft UIInterfaceOrientationLandscapeRight";
				INFOPLIST_KEY_UISupportedInterfaceOrientations_iPhone = "UIInterfaceOrientationPortrait UIInterfaceOrientationLandscapeLeft UIInterfaceOrientationLandscapeRight";
				LD_RUNPATH_SEARCH_PATHS = (
					"$(inherited)",
					"@executable_path/Frameworks",
				);
				MARKETING_VERSION = 1.0;
				PRODUCT_BUNDLE_IDENTIFIER = com.danakmat.CryptoFolio;
				PRODUCT_NAME = "$(TARGET_NAME)";
				SWIFT_EMIT_LOC_STRINGS = YES;
				SWIFT_VERSION = 5.0;
				TARGETED_DEVICE_FAMILY = "1,2";
			};
			name = Debug;
		};
		E38F16CA2943242F00C7DF9D /* Release */ = {
			isa = XCBuildConfiguration;
			buildSettings = {
				ASSETCATALOG_COMPILER_APPICON_NAME = AppIcon;
				ASSETCATALOG_COMPILER_GLOBAL_ACCENT_COLOR_NAME = AccentColor;
				CODE_SIGN_STYLE = Automatic;
				CURRENT_PROJECT_VERSION = 1;
				DEVELOPMENT_ASSET_PATHS = "\"CryptoFolio/Preview Content\"";
				DEVELOPMENT_TEAM = F898W4P72K;
				ENABLE_PREVIEWS = YES;
				GENERATE_INFOPLIST_FILE = YES;
				INFOPLIST_KEY_UIApplicationSceneManifest_Generation = YES;
				INFOPLIST_KEY_UIApplicationSupportsIndirectInputEvents = YES;
				INFOPLIST_KEY_UILaunchScreen_Generation = YES;
				INFOPLIST_KEY_UISupportedInterfaceOrientations_iPad = "UIInterfaceOrientationPortrait UIInterfaceOrientationPortraitUpsideDown UIInterfaceOrientationLandscapeLeft UIInterfaceOrientationLandscapeRight";
				INFOPLIST_KEY_UISupportedInterfaceOrientations_iPhone = "UIInterfaceOrientationPortrait UIInterfaceOrientationLandscapeLeft UIInterfaceOrientationLandscapeRight";
				LD_RUNPATH_SEARCH_PATHS = (
					"$(inherited)",
					"@executable_path/Frameworks",
				);
				MARKETING_VERSION = 1.0;
				PRODUCT_BUNDLE_IDENTIFIER = com.danakmat.CryptoFolio;
				PRODUCT_NAME = "$(TARGET_NAME)";
				SWIFT_EMIT_LOC_STRINGS = YES;
				SWIFT_VERSION = 5.0;
				TARGETED_DEVICE_FAMILY = "1,2";
			};
			name = Release;
		};
/* End XCBuildConfiguration section */

/* Begin XCConfigurationList section */
		E38F16B52943242800C7DF9D /* Build configuration list for PBXProject "CryptoFolio" */ = {
			isa = XCConfigurationList;
			buildConfigurations = (
				E38F16C62943242F00C7DF9D /* Debug */,
				E38F16C72943242F00C7DF9D /* Release */,
			);
			defaultConfigurationIsVisible = 0;
			defaultConfigurationName = Release;
		};
		E38F16C82943242F00C7DF9D /* Build configuration list for PBXNativeTarget "CryptoFolio" */ = {
			isa = XCConfigurationList;
			buildConfigurations = (
				E38F16C92943242F00C7DF9D /* Debug */,
				E38F16CA2943242F00C7DF9D /* Release */,
			);
			defaultConfigurationIsVisible = 0;
			defaultConfigurationName = Release;
		};
/* End XCConfigurationList section */
	};
	rootObject = E38F16B22943242800C7DF9D /* Project object */;
}
